{
  "name": "backend",
  "version": "1.0.0",
  "lockfileVersion": 1,
  "requires": true,
  "dependencies": {
    "async-limiter": {
      "version": "1.0.1",
      "resolved": "https://registry.npmjs.org/async-limiter/-/async-limiter-1.0.1.tgz",
      "integrity": "sha512-csOlWGAcRFJaI6m+F2WKdnMKr4HhdhFVBk0H/QbJFMCr+uO2kwohwXQPxw/9OCxp05r5ghVBFSyioixx3gfkNQ=="
    },
    "balanced-match": {
      "version": "1.0.0",
      "resolved": "https://registry.npmjs.org/balanced-match/-/balanced-match-1.0.0.tgz",
      "integrity": "sha1-ibTRmasr7kneFk6gK4nORi1xt2c="
    },
    "brace-expansion": {
      "version": "1.1.11",
      "resolved": "https://registry.npmjs.org/brace-expansion/-/brace-expansion-1.1.11.tgz",
      "integrity": "sha512-iCuPHDFgrHX7H2vEI/5xpz07zSHB00TpugqhmYtVmMO6518mCuRMoOYFldEBl0g187ufozdaHgWKcYFb61qGiA==",
      "requires": {
        "balanced-match": "1.0.0",
        "concat-map": "0.0.1"
      }
    },
    "concat-map": {
      "version": "0.0.1",
      "resolved": "https://registry.npmjs.org/concat-map/-/concat-map-0.0.1.tgz",
      "integrity": "sha1-2Klr13/Wjfd5OnMDajug1UBdR3s="
    },
    "easy-stack": {
      "version": "1.0.0",
      "resolved": "https://registry.npmjs.org/easy-stack/-/easy-stack-1.0.0.tgz",
      "integrity": "sha1-EskbMIWjfwuqM26UhurEv5Tj54g="
    },
    "event-pubsub": {
      "version": "4.3.0",
      "resolved": "https://registry.npmjs.org/event-pubsub/-/event-pubsub-4.3.0.tgz",
      "integrity": "sha512-z7IyloorXvKbFx9Bpie2+vMJKKx1fH1EN5yiTfp8CiLOTptSYy1g8H4yDpGlEdshL1PBiFtBHepF2cNsqeEeFQ=="
    },
    "fs.realpath": {
      "version": "1.0.0",
      "resolved": "https://registry.npmjs.org/fs.realpath/-/fs.realpath-1.0.0.tgz",
      "integrity": "sha1-FQStJSMVjKpA20onh8sBQRmU6k8="
    },
    "glob": {
      "version": "7.1.4",
      "resolved": "https://registry.npmjs.org/glob/-/glob-7.1.4.tgz",
      "integrity": "sha512-hkLPepehmnKk41pUGm3sYxoFs/umurYfYJCerbXEyFIWcAzvpipAgVkBqqT9RBKMGjnq6kMuyYwha6csxbiM1A==",
      "requires": {
        "fs.realpath": "1.0.0",
        "inflight": "1.0.6",
        "inherits": "2.0.4",
        "minimatch": "3.0.4",
        "once": "1.4.0",
        "path-is-absolute": "1.0.1"
      }
    },
    "inflight": {
      "version": "1.0.6",
      "resolved": "https://registry.npmjs.org/inflight/-/inflight-1.0.6.tgz",
      "integrity": "sha1-Sb1jMdfQLQwJvJEKEHW6gWW1bfk=",
      "requires": {
        "once": "1.4.0",
        "wrappy": "1.0.2"
      }
    },
    "inherits": {
      "version": "2.0.4",
      "resolved": "https://registry.npmjs.org/inherits/-/inherits-2.0.4.tgz",
      "integrity": "sha512-k/vGaX4/Yla3WzyMCvTQOXYeIHvqOKtnqBduzTHpzpQZzAskKMhZ2K+EnBiSM9zGSoIFeMpXKxa4dYeZIQqewQ=="
    },
    "interpret": {
      "version": "1.2.0",
      "resolved": "https://registry.npmjs.org/interpret/-/interpret-1.2.0.tgz",
      "integrity": "sha512-mT34yGKMNceBQUoVn7iCDKDntA7SC6gycMAWzGx1z/CMCTV7b2AAtXlo3nRyHZ1FelRkQbQjprHSYGwzLtkVbw=="
    },
    "js-message": {
      "version": "1.0.5",
      "resolved": "https://registry.npmjs.org/js-message/-/js-message-1.0.5.tgz",
      "integrity": "sha1-IwDSSxrwjondCVvBpMnJz8uJLRU="
    },
    "js-queue": {
      "version": "2.0.0",
      "resolved": "https://registry.npmjs.org/js-queue/-/js-queue-2.0.0.tgz",
      "integrity": "sha1-NiITz4YPRo8BJfxslqvBdCUx+Ug=",
      "requires": {
        "easy-stack": "1.0.0"
      }
    },
    "minimatch": {
      "version": "3.0.4",
      "resolved": "https://registry.npmjs.org/minimatch/-/minimatch-3.0.4.tgz",
      "integrity": "sha512-yJHVQEhyqPLUTgt9B83PXu6W3rx4MvvHvSUvToogpwoGDOUQ+yDrR0HRot+yOCdCO7u4hX3pWft6kWBBcqh0UA==",
      "requires": {
        "brace-expansion": "1.1.11"
      }
    },
    "net": {
      "version": "1.0.2",
      "resolved": "https://registry.npmjs.org/net/-/net-1.0.2.tgz",
      "integrity": "sha1-0XV+yaf7I3HYPPR1XOPifhCCk4g="
    },
    "node-ipc": {
      "version": "9.1.1",
      "resolved": "https://registry.npmjs.org/node-ipc/-/node-ipc-9.1.1.tgz",
      "integrity": "sha512-FAyICv0sIRJxVp3GW5fzgaf9jwwRQxAKDJlmNFUL5hOy+W4X/I5AypyHoq0DXXbo9o/gt79gj++4cMr4jVWE/w==",
      "requires": {
        "event-pubsub": "4.3.0",
        "js-message": "1.0.5",
        "js-queue": "2.0.0"
      }
    },
    "once": {
      "version": "1.4.0",
      "resolved": "https://registry.npmjs.org/once/-/once-1.4.0.tgz",
      "integrity": "sha1-WDsap3WWHUsROsF9nFC6753Xa9E=",
      "requires": {
        "wrappy": "1.0.2"
      }
    },
    "path-is-absolute": {
      "version": "1.0.1",
      "resolved": "https://registry.npmjs.org/path-is-absolute/-/path-is-absolute-1.0.1.tgz",
      "integrity": "sha1-F0uSaHNVNP+8es5r9TpanhtcX18="
    },
    "path-parse": {
      "version": "1.0.6",
      "resolved": "https://registry.npmjs.org/path-parse/-/path-parse-1.0.6.tgz",
      "integrity": "sha512-GSmOT2EbHrINBf9SR7CDELwlJ8AENk3Qn7OikK4nFYAu3Ote2+JYNVvkpAEQm3/TLNEJFD/xZJjzyxg3KBWOzw=="
    },
    "rechoir": {
      "version": "0.6.2",
      "resolved": "https://registry.npmjs.org/rechoir/-/rechoir-0.6.2.tgz",
      "integrity": "sha1-hSBLVNuoLVdC4oyWdW70OvUOM4Q=",
      "requires": {
        "resolve": "1.12.0"
      }
    },
    "resolve": {
      "version": "1.12.0",
      "resolved": "https://registry.npmjs.org/resolve/-/resolve-1.12.0.tgz",
      "integrity": "sha512-B/dOmuoAik5bKcD6s6nXDCjzUKnaDvdkRyAk6rsmsKLipWj4797iothd7jmmUhWTfinVMU+wc56rYKsit2Qy4w==",
      "requires": {
        "path-parse": "1.0.6"
      }
    },
    "shelljs": {
      "version": "0.8.3",
      "resolved": "https://registry.npmjs.org/shelljs/-/shelljs-0.8.3.tgz",
      "integrity": "sha512-fc0BKlAWiLpwZljmOvAOTE/gXawtCoNrP5oaY7KIaQbbyHeQVg01pSEuEGvGh3HEdBU4baCD7wQBwADmM/7f7A==",
      "requires": {
        "glob": "7.1.4",
        "interpret": "1.2.0",
        "rechoir": "0.6.2"
      }
    },
    "wrappy": {
      "version": "1.0.2",
      "resolved": "https://registry.npmjs.org/wrappy/-/wrappy-1.0.2.tgz",
      "integrity": "sha1-tSQ9jz7BqjXxNkYFvA0QNuMKtp8="
    },
    "ws": {
      "version": "7.1.2",
      "resolved": "https://registry.npmjs.org/ws/-/ws-7.1.2.tgz",
      "integrity": "sha512-gftXq3XI81cJCgkUiAVixA0raD9IVmXqsylCrjRygw4+UOOGzPoxnQ6r/CnVL9i+mDncJo94tSkyrtuuQVBmrg==",
      "requires": {
        "async-limiter": "1.0.1"
      }
    }
  }
}
